// !$*UTF8*$!
{
	archiveVersion = 1;
	classes = {
	};
	objectVersion = 51;
	objects = {

/* Begin PBXBuildFile section */
		2292054A25FE61ED007FDC84 /* Travel_AppApp.swift in Sources */ = {isa = PBXBuildFile; fileRef = 2292054925FE61ED007FDC84 /* Travel_AppApp.swift */; };
		2292054C25FE61ED007FDC84 /* ContentView.swift in Sources */ = {isa = PBXBuildFile; fileRef = 2292054B25FE61ED007FDC84 /* ContentView.swift */; };
		2292054E25FE61ED007FDC84 /* Assets.xcassets in Resources */ = {isa = PBXBuildFile; fileRef = 2292054D25FE61ED007FDC84 /* Assets.xcassets */; };
		2292055125FE61ED007FDC84 /* Preview Assets.xcassets in Resources */ = {isa = PBXBuildFile; fileRef = 2292055025FE61ED007FDC84 /* Preview Assets.xcassets */; };
		AF3DAE9B2606FE99006C25C0 /* GoogleService-Info.plist in Resources */ = {isa = PBXBuildFile; fileRef = AF3DAE9A2606FE99006C25C0 /* GoogleService-Info.plist */; };
		AF4160742606E67D0076ED04 /* ErrorView.swift in Sources */ = {isa = PBXBuildFile; fileRef = AF4160732606E67D0076ED04 /* ErrorView.swift */; };
		AF5D4EAA2604399C003ECFCA /* SignUp.swift in Sources */ = {isa = PBXBuildFile; fileRef = AF5D4EA92604399C003ECFCA /* SignUp.swift */; };
		AF8B097E25FF0B50002BFC67 /* Login.swift in Sources */ = {isa = PBXBuildFile; fileRef = AF8B097D25FF0B50002BFC67 /* Login.swift */; };
		BE24E75EF6D1E6B4E58E8F1B /* Pods_Travel_App.framework in Frameworks */ = {isa = PBXBuildFile; fileRef = 494796A33339811DCEFBB7DA /* Pods_Travel_App.framework */; };
/* End PBXBuildFile section */

/* Begin PBXFileReference section */
		2292054625FE61EC007FDC84 /* Travel App.app */ = {isa = PBXFileReference; explicitFileType = wrapper.application; includeInIndex = 0; path = "Travel App.app"; sourceTree = BUILT_PRODUCTS_DIR; };
		2292054925FE61ED007FDC84 /* Travel_AppApp.swift */ = {isa = PBXFileReference; lastKnownFileType = sourcecode.swift; path = Travel_AppApp.swift; sourceTree = "<group>"; };
		2292054B25FE61ED007FDC84 /* ContentView.swift */ = {isa = PBXFileReference; lastKnownFileType = sourcecode.swift; path = ContentView.swift; sourceTree = "<group>"; };
		2292054D25FE61ED007FDC84 /* Assets.xcassets */ = {isa = PBXFileReference; lastKnownFileType = folder.assetcatalog; path = Assets.xcassets; sourceTree = "<group>"; };
		2292055025FE61ED007FDC84 /* Preview Assets.xcassets */ = {isa = PBXFileReference; lastKnownFileType = folder.assetcatalog; path = "Preview Assets.xcassets"; sourceTree = "<group>"; };
		2292055225FE61ED007FDC84 /* Info.plist */ = {isa = PBXFileReference; lastKnownFileType = text.plist.xml; path = Info.plist; sourceTree = "<group>"; };
		28AB0DEA95944433E60A5E92 /* Pods-Travel App.release.xcconfig */ = {isa = PBXFileReference; includeInIndex = 1; lastKnownFileType = text.xcconfig; name = "Pods-Travel App.release.xcconfig"; path = "Target Support Files/Pods-Travel App/Pods-Travel App.release.xcconfig"; sourceTree = "<group>"; };
		3145D96573B18927F1C4DB5B /* Pods-Travel App.debug.xcconfig */ = {isa = PBXFileReference; includeInIndex = 1; lastKnownFileType = text.xcconfig; name = "Pods-Travel App.debug.xcconfig"; path = "Target Support Files/Pods-Travel App/Pods-Travel App.debug.xcconfig"; sourceTree = "<group>"; };
		494796A33339811DCEFBB7DA /* Pods_Travel_App.framework */ = {isa = PBXFileReference; explicitFileType = wrapper.framework; includeInIndex = 0; path = Pods_Travel_App.framework; sourceTree = BUILT_PRODUCTS_DIR; };
		AF3DAE9A2606FE99006C25C0 /* GoogleService-Info.plist */ = {isa = PBXFileReference; fileEncoding = 4; lastKnownFileType = text.plist.xml; path = "GoogleService-Info.plist"; sourceTree = "<group>"; };
		AF4160732606E67D0076ED04 /* ErrorView.swift */ = {isa = PBXFileReference; lastKnownFileType = sourcecode.swift; path = ErrorView.swift; sourceTree = "<group>"; };
		AF5D4EA92604399C003ECFCA /* SignUp.swift */ = {isa = PBXFileReference; lastKnownFileType = sourcecode.swift; path = SignUp.swift; sourceTree = "<group>"; };
		AF8B097D25FF0B50002BFC67 /* Login.swift */ = {isa = PBXFileReference; lastKnownFileType = sourcecode.swift; path = Login.swift; sourceTree = "<group>"; };
/* End PBXFileReference section */

/* Begin PBXFrameworksBuildPhase section */
		2292054325FE61EC007FDC84 /* Frameworks */ = {
			isa = PBXFrameworksBuildPhase;
			buildActionMask = 2147483647;
			files = (
				BE24E75EF6D1E6B4E58E8F1B /* Pods_Travel_App.framework in Frameworks */,
			);
			runOnlyForDeploymentPostprocessing = 0;
		};
/* End PBXFrameworksBuildPhase section */

/* Begin PBXGroup section */
		2292053D25FE61EC007FDC84 = {
			isa = PBXGroup;
			children = (
				2292054825FE61EC007FDC84 /* Travel App */,
				2292054725FE61EC007FDC84 /* Products */,
				B5112C45F31F181501AD5EB2 /* Pods */,
				85151CD0E534ADBA519B7A41 /* Frameworks */,
			);
			sourceTree = "<group>";
		};
		2292054725FE61EC007FDC84 /* Products */ = {
			isa = PBXGroup;
			children = (
				2292054625FE61EC007FDC84 /* Travel App.app */,
			);
			name = Products;
			sourceTree = "<group>";
		};
		2292054825FE61EC007FDC84 /* Travel App */ = {
			isa = PBXGroup;
			children = (
				AF3DAE9A2606FE99006C25C0 /* GoogleService-Info.plist */,
				2292054925FE61ED007FDC84 /* Travel_AppApp.swift */,
				2292054B25FE61ED007FDC84 /* ContentView.swift */,
				AF4160732606E67D0076ED04 /* ErrorView.swift */,
				AF8B097D25FF0B50002BFC67 /* Login.swift */,
				AF5D4EA92604399C003ECFCA /* SignUp.swift */,
				2292054D25FE61ED007FDC84 /* Assets.xcassets */,
				2292055225FE61ED007FDC84 /* Info.plist */,
				2292054F25FE61ED007FDC84 /* Preview Content */,
			);
			path = "Travel App";
			sourceTree = "<group>";
		};
		2292054F25FE61ED007FDC84 /* Preview Content */ = {
			isa = PBXGroup;
			children = (
				2292055025FE61ED007FDC84 /* Preview Assets.xcassets */,
			);
			path = "Preview Content";
			sourceTree = "<group>";
		};
		85151CD0E534ADBA519B7A41 /* Frameworks */ = {
			isa = PBXGroup;
			children = (
				494796A33339811DCEFBB7DA /* Pods_Travel_App.framework */,
			);
			name = Frameworks;
			sourceTree = "<group>";
		};
		B5112C45F31F181501AD5EB2 /* Pods */ = {
			isa = PBXGroup;
			children = (
				3145D96573B18927F1C4DB5B /* Pods-Travel App.debug.xcconfig */,
				28AB0DEA95944433E60A5E92 /* Pods-Travel App.release.xcconfig */,
			);
			path = Pods;
			sourceTree = "<group>";
		};
/* End PBXGroup section */

/* Begin PBXNativeTarget section */
		2292054525FE61EC007FDC84 /* Travel App */ = {
			isa = PBXNativeTarget;
			buildConfigurationList = 2292055525FE61ED007FDC84 /* Build configuration list for PBXNativeTarget "Travel App" */;
			buildPhases = (
				39593ED5FFB5210C574A2414 /* [CP] Check Pods Manifest.lock */,
				2292054225FE61EC007FDC84 /* Sources */,
				2292054325FE61EC007FDC84 /* Frameworks */,
				2292054425FE61EC007FDC84 /* Resources */,
				E7365E66BE0CB092D71692DE /* [CP] Embed Pods Frameworks */,
			);
			buildRules = (
			);
			dependencies = (
			);
			name = "Travel App";
			productName = "Travel App";
			productReference = 2292054625FE61EC007FDC84 /* Travel App.app */;
			productType = "com.apple.product-type.application";
		};
/* End PBXNativeTarget section */

/* Begin PBXProject section */
		2292053E25FE61EC007FDC84 /* Project object */ = {
			isa = PBXProject;
			attributes = {
				LastSwiftUpdateCheck = 1240;
				LastUpgradeCheck = 1240;
				TargetAttributes = {
					2292054525FE61EC007FDC84 = {
						CreatedOnToolsVersion = 12.4;
					};
				};
			};
			buildConfigurationList = 2292054125FE61EC007FDC84 /* Build configuration list for PBXProject "Travel App" */;
			compatibilityVersion = "Xcode 9.3";
			developmentRegion = en;
			hasScannedForEncodings = 0;
			knownRegions = (
				en,
				Base,
			);
			mainGroup = 2292053D25FE61EC007FDC84;
			productRefGroup = 2292054725FE61EC007FDC84 /* Products */;
			projectDirPath = "";
			projectRoot = "";
			targets = (
				2292054525FE61EC007FDC84 /* Travel App */,
			);
		};
/* End PBXProject section */

/* Begin PBXResourcesBuildPhase section */
		2292054425FE61EC007FDC84 /* Resources */ = {
			isa = PBXResourcesBuildPhase;
			buildActionMask = 2147483647;
			files = (
				2292055125FE61ED007FDC84 /* Preview Assets.xcassets in Resources */,
				2292054E25FE61ED007FDC84 /* Assets.xcassets in Resources */,
				AF3DAE9B2606FE99006C25C0 /* GoogleService-Info.plist in Resources */,
			);
			runOnlyForDeploymentPostprocessing = 0;
		};
/* End PBXResourcesBuildPhase section */

/* Begin PBXShellScriptBuildPhase section */
		39593ED5FFB5210C574A2414 /* [CP] Check Pods Manifest.lock */ = {
			isa = PBXShellScriptBuildPhase;
			buildActionMask = 2147483647;
			files = (
			);
			inputFileListPaths = (
			);
			inputPaths = (
				"${PODS_PODFILE_DIR_PATH}/Podfile.lock",
				"${PODS_ROOT}/Manifest.lock",
			);
			name = "[CP] Check Pods Manifest.lock";
			outputFileListPaths = (
			);
			outputPaths = (
				"$(DERIVED_FILE_DIR)/Pods-Travel App-checkManifestLockResult.txt",
			);
			runOnlyForDeploymentPostprocessing = 0;
			shellPath = /bin/sh;
			shellScript = "diff \"${PODS_PODFILE_DIR_PATH}/Podfile.lock\" \"${PODS_ROOT}/Manifest.lock\" > /dev/null\nif [ $? != 0 ] ; then\n    # print error to STDERR\n    echo \"error: The sandbox is not in sync with the Podfile.lock. Run 'pod install' or update your CocoaPods installation.\" >&2\n    exit 1\nfi\n# This output is used by Xcode 'outputs' to avoid re-running this script phase.\necho \"SUCCESS\" > \"${SCRIPT_OUTPUT_FILE_0}\"\n";
			showEnvVarsInLog = 0;
		};
		E7365E66BE0CB092D71692DE /* [CP] Embed Pods Frameworks */ = {
			isa = PBXShellScriptBuildPhase;
			buildActionMask = 2147483647;
			files = (
			);
			inputFileListPaths = (
				"${PODS_ROOT}/Target Support Files/Pods-Travel App/Pods-Travel App-frameworks-${CONFIGURATION}-input-files.xcfilelist",
			);
			name = "[CP] Embed Pods Frameworks";
			outputFileListPaths = (
				"${PODS_ROOT}/Target Support Files/Pods-Travel App/Pods-Travel App-frameworks-${CONFIGURATION}-output-files.xcfilelist",
			);
			runOnlyForDeploymentPostprocessing = 0;
			shellPath = /bin/sh;
			shellScript = "\"${PODS_ROOT}/Target Support Files/Pods-Travel App/Pods-Travel App-frameworks.sh\"\n";
			showEnvVarsInLog = 0;
		};
/* End PBXShellScriptBuildPhase section */

/* Begin PBXSourcesBuildPhase section */
		2292054225FE61EC007FDC84 /* Sources */ = {
			isa = PBXSourcesBuildPhase;
			buildActionMask = 2147483647;
			files = (
				AF4160742606E67D0076ED04 /* ErrorView.swift in Sources */,
				AF8B097E25FF0B50002BFC67 /* Login.swift in Sources */,
				AF5D4EAA2604399C003ECFCA /* SignUp.swift in Sources */,
				2292054C25FE61ED007FDC84 /* ContentView.swift in Sources */,
				2292054A25FE61ED007FDC84 /* Travel_AppApp.swift in Sources */,
			);
			runOnlyForDeploymentPostprocessing = 0;
		};
/* End PBXSourcesBuildPhase section */

/* Begin XCBuildConfiguration section */
		2292055325FE61ED007FDC84 /* Debug */ = {
			isa = XCBuildConfiguration;
			buildSettings = {
				ALWAYS_SEARCH_USER_PATHS = NO;
				CLANG_ANALYZER_NONNULL = YES;
				CLANG_ANALYZER_NUMBER_OBJECT_CONVERSION = YES_AGGRESSIVE;
				CLANG_CXX_LANGUAGE_STANDARD = "gnu++14";
				CLANG_CXX_LIBRARY = "libc++";
				CLANG_ENABLE_MODULES = YES;
				CLANG_ENABLE_OBJC_ARC = YES;
				CLANG_ENABLE_OBJC_WEAK = YES;
				CLANG_WARN_BLOCK_CAPTURE_AUTORELEASING = YES;
				CLANG_WARN_BOOL_CONVERSION = YES;
				CLANG_WARN_COMMA = YES;
				CLANG_WARN_CONSTANT_CONVERSION = YES;
				CLANG_WARN_DEPRECATED_OBJC_IMPLEMENTATIONS = YES;
				CLANG_WARN_DIRECT_OBJC_ISA_USAGE = YES_ERROR;
				CLANG_WARN_DOCUMENTATION_COMMENTS = YES;
				CLANG_WARN_EMPTY_BODY = YES;
				CLANG_WARN_ENUM_CONVERSION = YES;
				CLANG_WARN_INFINITE_RECURSION = YES;
				CLANG_WARN_INT_CONVERSION = YES;
				CLANG_WARN_NON_LITERAL_NULL_CONVERSION = YES;
				CLANG_WARN_OBJC_IMPLICIT_RETAIN_SELF = YES;
				CLANG_WARN_OBJC_LITERAL_CONVERSION = YES;
				CLANG_WARN_OBJC_ROOT_CLASS = YES_ERROR;
				CLANG_WARN_QUOTED_INCLUDE_IN_FRAMEWORK_HEADER = YES;
				CLANG_WARN_RANGE_LOOP_ANALYSIS = YES;
				CLANG_WARN_STRICT_PROTOTYPES = YES;
				CLANG_WARN_SUSPICIOUS_MOVE = YES;
				CLANG_WARN_UNGUARDED_AVAILABILITY = YES_AGGRESSIVE;
				CLANG_WARN_UNREACHABLE_CODE = YES;
				CLANG_WARN__DUPLICATE_METHOD_MATCH = YES;
				COPY_PHASE_STRIP = NO;
				DEBUG_INFORMATION_FORMAT = dwarf;
				ENABLE_STRICT_OBJC_MSGSEND = YES;
				ENABLE_TESTABILITY = YES;
				GCC_C_LANGUAGE_STANDARD = gnu11;
				GCC_DYNAMIC_NO_PIC = NO;
				GCC_NO_COMMON_BLOCKS = YES;
				GCC_OPTIMIZATION_LEVEL = 0;
				GCC_PREPROCESSOR_DEFINITIONS = (
					"DEBUG=1",
					"$(inherited)",
				);
				GCC_WARN_64_TO_32_BIT_CONVERSION = YES;
				GCC_WARN_ABOUT_RETURN_TYPE = YES_ERROR;
				GCC_WARN_UNDECLARED_SELECTOR = YES;
				GCC_WARN_UNINITIALIZED_AUTOS = YES_AGGRESSIVE;
				GCC_WARN_UNUSED_FUNCTION = YES;
				GCC_WARN_UNUSED_VARIABLE = YES;
				IPHONEOS_DEPLOYMENT_TARGET = 14.4;
				MTL_ENABLE_DEBUG_INFO = INCLUDE_SOURCE;
				MTL_FAST_MATH = YES;
				ONLY_ACTIVE_ARCH = YES;
				SDKROOT = iphoneos;
				SWIFT_ACTIVE_COMPILATION_CONDITIONS = DEBUG;
				SWIFT_OPTIMIZATION_LEVEL = "-Onone";
			};
			name = Debug;
		};
		2292055425FE61ED007FDC84 /* Release */ = {
			isa = XCBuildConfiguration;
			buildSettings = {
				ALWAYS_SEARCH_USER_PATHS = NO;
				CLANG_ANALYZER_NONNULL = YES;
				CLANG_ANALYZER_NUMBER_OBJECT_CONVERSION = YES_AGGRESSIVE;
				CLANG_CXX_LANGUAGE_STANDARD = "gnu++14";
				CLANG_CXX_LIBRARY = "libc++";
				CLANG_ENABLE_MODULES = YES;
				CLANG_ENABLE_OBJC_ARC = YES;
				CLANG_ENABLE_OBJC_WEAK = YES;
				CLANG_WARN_BLOCK_CAPTURE_AUTORELEASING = YES;
				CLANG_WARN_BOOL_CONVERSION = YES;
				CLANG_WARN_COMMA = YES;
				CLANG_WARN_CONSTANT_CONVERSION = YES;
				CLANG_WARN_DEPRECATED_OBJC_IMPLEMENTATIONS = YES;
				CLANG_WARN_DIRECT_OBJC_ISA_USAGE = YES_ERROR;
				CLANG_WARN_DOCUMENTATION_COMMENTS = YES;
				CLANG_WARN_EMPTY_BODY = YES;
				CLANG_WARN_ENUM_CONVERSION = YES;
				CLANG_WARN_INFINITE_RECURSION = YES;
				CLANG_WARN_INT_CONVERSION = YES;
				CLANG_WARN_NON_LITERAL_NULL_CONVERSION = YES;
				CLANG_WARN_OBJC_IMPLICIT_RETAIN_SELF = YES;
				CLANG_WARN_OBJC_LITERAL_CONVERSION = YES;
				CLANG_WARN_OBJC_ROOT_CLASS = YES_ERROR;
				CLANG_WARN_QUOTED_INCLUDE_IN_FRAMEWORK_HEADER = YES;
				CLANG_WARN_RANGE_LOOP_ANALYSIS = YES;
				CLANG_WARN_STRICT_PROTOTYPES = YES;
				CLANG_WARN_SUSPICIOUS_MOVE = YES;
				CLANG_WARN_UNGUARDED_AVAILABILITY = YES_AGGRESSIVE;
				CLANG_WARN_UNREACHABLE_CODE = YES;
				CLANG_WARN__DUPLICATE_METHOD_MATCH = YES;
				COPY_PHASE_STRIP = NO;
				DEBUG_INFORMATION_FORMAT = "dwarf-with-dsym";
				ENABLE_NS_ASSERTIONS = NO;
				ENABLE_STRICT_OBJC_MSGSEND = YES;
				GCC_C_LANGUAGE_STANDARD = gnu11;
				GCC_NO_COMMON_BLOCKS = YES;
				GCC_WARN_64_TO_32_BIT_CONVERSION = YES;
				GCC_WARN_ABOUT_RETURN_TYPE = YES_ERROR;
				GCC_WARN_UNDECLARED_SELECTOR = YES;
				GCC_WARN_UNINITIALIZED_AUTOS = YES_AGGRESSIVE;
				GCC_WARN_UNUSED_FUNCTION = YES;
				GCC_WARN_UNUSED_VARIABLE = YES;
				IPHONEOS_DEPLOYMENT_TARGET = 14.4;
				MTL_ENABLE_DEBUG_INFO = NO;
				MTL_FAST_MATH = YES;
				SDKROOT = iphoneos;
				SWIFT_COMPILATION_MODE = wholemodule;
				SWIFT_OPTIMIZATION_LEVEL = "-O";
				VALIDATE_PRODUCT = YES;
			};
			name = Release;
		};
		2292055625FE61ED007FDC84 /* Debug */ = {
			isa = XCBuildConfiguration;
			baseConfigurationReference = 3145D96573B18927F1C4DB5B /* Pods-Travel App.debug.xcconfig */;
			buildSettings = {
				ASSETCATALOG_COMPILER_APPICON_NAME = AppIcon;
				ASSETCATALOG_COMPILER_GLOBAL_ACCENT_COLOR_NAME = AccentColor;
				CODE_SIGN_STYLE = Automatic;
				DEVELOPMENT_ASSET_PATHS = "\"Travel App/Preview Content\"";
				ENABLE_PREVIEWS = YES;
				INFOPLIST_FILE = "Travel App/Info.plist";
				IPHONEOS_DEPLOYMENT_TARGET = 14.0;
				LD_RUNPATH_SEARCH_PATHS = (
					"$(inherited)",
					"@executable_path/Frameworks",
				);
				PRODUCT_BUNDLE_IDENTIFIER = "edu.illinois.cs.cs196.Travel-App";
				PRODUCT_NAME = "$(TARGET_NAME)";
				SWIFT_VERSION = 5.0;
				TARGETED_DEVICE_FAMILY = "1,2";
			};
			name = Debug;
		};
		2292055725FE61ED007FDC84 /* Release */ = {
			isa = XCBuildConfiguration;
			baseConfigurationReference = 28AB0DEA95944433E60A5E92 /* Pods-Travel App.release.xcconfig */;
			buildSettings = {
				ASSETCATALOG_COMPILER_APPICON_NAME = AppIcon;
				ASSETCATALOG_COMPILER_GLOBAL_ACCENT_COLOR_NAME = AccentColor;
				CODE_SIGN_STYLE = Automatic;
				DEVELOPMENT_ASSET_PATHS = "\"Travel App/Preview Content\"";
				ENABLE_PREVIEWS = YES;
				INFOPLIST_FILE = "Travel App/Info.plist";
				IPHONEOS_DEPLOYMENT_TARGET = 14.0;
				LD_RUNPATH_SEARCH_PATHS = (
					"$(inherited)",
					"@executable_path/Frameworks",
				);
				PRODUCT_BUNDLE_IDENTIFIER = "edu.illinois.cs.cs196.Travel-App";
				PRODUCT_NAME = "$(TARGET_NAME)";
				SWIFT_VERSION = 5.0;
				TARGETED_DEVICE_FAMILY = "1,2";
			};
			name = Release;
		};
/* End XCBuildConfiguration section */

/* Begin XCConfigurationList section */
		2292054125FE61EC007FDC84 /* Build configuration list for PBXProject "Travel App" */ = {
			isa = XCConfigurationList;
			buildConfigurations = (
				2292055325FE61ED007FDC84 /* Debug */,
				2292055425FE61ED007FDC84 /* Release */,
			);
			defaultConfigurationIsVisible = 0;
			defaultConfigurationName = Release;
		};
		2292055525FE61ED007FDC84 /* Build configuration list for PBXNativeTarget "Travel App" */ = {
			isa = XCConfigurationList;
			buildConfigurations = (
				2292055625FE61ED007FDC84 /* Debug */,
				2292055725FE61ED007FDC84 /* Release */,
			);
			defaultConfigurationIsVisible = 0;
			defaultConfigurationName = Release;
		};
/* End XCConfigurationList section */
	};
	rootObject = 2292053E25FE61EC007FDC84 /* Project object */;
}
